
Microsoft Visual Studio Solution File, Format Version 12.00
# Visual Studio Version 16
VisualStudioVersion = 16.0.29102.190
MinimumVisualStudioVersion = 10.0.40219.1
Project("{FAE04EC0-301F-11D3-BF4B-00C04F79EFBC}") = "ParetoDemo", "ParetoDemo\ParetoDemo.csproj", "{FDC28522-57AF-4DB6-A115-B424389CB240}"
EndProject
Project("{FAE04EC0-301F-11D3-BF4B-00C04F79EFBC}") = "Pareto", "Pareto\Pareto.csproj", "{AE35DA06-121A-462D-AEE5-46C99173B108}"
EndProject
Global
	GlobalSection(SolutionConfigurationPlatforms) = preSolution
		Debug|Any CPU = Debug|Any CPU
		Release|Any CPU = Release|Any CPU
	EndGlobalSection
	GlobalSection(ProjectConfigurationPlatforms) = postSolution
		{FDC28522-57AF-4DB6-A115-B424389CB240}.Debug|Any CPU.ActiveCfg = Debug|Any CPU
		{FDC28522-57AF-4DB6-A115-B424389CB240}.Debug|Any CPU.Build.0 = Debug|Any CPU
		{FDC28522-57AF-4DB6-A115-B424389CB240}.Release|Any CPU.ActiveCfg = Release|Any CPU
		{FDC28522-57AF-4DB6-A115-B424389CB240}.Release|Any CPU.Build.0 = Release|Any CPU
		{AE35DA06-121A-462D-AEE5-46C99173B108}.Debug|Any CPU.ActiveCfg = Debug|Any CPU
		{AE35DA06-121A-462D-AEE5-46C99173B108}.Debug|Any CPU.Build.0 = Debug|Any CPU
		{AE35DA06-121A-462D-AEE5-46C99173B108}.Release|Any CPU.ActiveCfg = Release|Any CPU
		{AE35DA06-121A-462D-AEE5-46C99173B108}.Release|Any CPU.Build.0 = Release|Any CPU
	EndGlobalSection
	GlobalSection(SolutionProperties) = preSolution
		HideSolutionNode = FALSE
	EndGlobalSection
	GlobalSection(ExtensibilityGlobals) = postSolution
		SolutionGuid = {89FD1ACE-4965-4B07-9B5F-9B2E7FC9FFD5}
	EndGlobalSection
EndGlobal
